// !$*UTF8*$!
{
	archiveVersion = 1;
	classes = {
	};
	objectVersion = 56;
	objects = {

/* Begin PBXBuildFile section */
		72DD1C492ACDA7BF00E5E5C7 /* AppDelegate.swift in Sources */ = {isa = PBXBuildFile; fileRef = 72DD1C482ACDA7BF00E5E5C7 /* AppDelegate.swift */; };
		72DD1C4B2ACDA7BF00E5E5C7 /* SceneDelegate.swift in Sources */ = {isa = PBXBuildFile; fileRef = 72DD1C4A2ACDA7BF00E5E5C7 /* SceneDelegate.swift */; };
		72DD1C4D2ACDA7BF00E5E5C7 /* ViewController.swift in Sources */ = {isa = PBXBuildFile; fileRef = 72DD1C4C2ACDA7BF00E5E5C7 /* ViewController.swift */; };
		72DD1C502ACDA7BF00E5E5C7 /* Main.storyboard in Resources */ = {isa = PBXBuildFile; fileRef = 72DD1C4E2ACDA7BF00E5E5C7 /* Main.storyboard */; };
		72DD1C522ACDA7C200E5E5C7 /* Assets.xcassets in Resources */ = {isa = PBXBuildFile; fileRef = 72DD1C512ACDA7C200E5E5C7 /* Assets.xcassets */; };
		72DD1C552ACDA7C200E5E5C7 /* LaunchScreen.storyboard in Resources */ = {isa = PBXBuildFile; fileRef = 72DD1C532ACDA7C200E5E5C7 /* LaunchScreen.storyboard */; };
		72DD1C602ACDA7C200E5E5C7 /* InstaPDP2Tests.swift in Sources */ = {isa = PBXBuildFile; fileRef = 72DD1C5F2ACDA7C200E5E5C7 /* InstaPDP2Tests.swift */; };
		72DD1C6A2ACDA7C300E5E5C7 /* InstaPDP2UITests.swift in Sources */ = {isa = PBXBuildFile; fileRef = 72DD1C692ACDA7C300E5E5C7 /* InstaPDP2UITests.swift */; };
		72DD1C6C2ACDA7C300E5E5C7 /* InstaPDP2UITestsLaunchTests.swift in Sources */ = {isa = PBXBuildFile; fileRef = 72DD1C6B2ACDA7C300E5E5C7 /* InstaPDP2UITestsLaunchTests.swift */; };
/* End PBXBuildFile section */

/* Begin PBXContainerItemProxy section */
		72DD1C5C2ACDA7C200E5E5C7 /* PBXContainerItemProxy */ = {
			isa = PBXContainerItemProxy;
			containerPortal = 72DD1C3D2ACDA7BF00E5E5C7 /* Project object */;
			proxyType = 1;
			remoteGlobalIDString = 72DD1C442ACDA7BF00E5E5C7;
			remoteInfo = InstaPDP2;
		};
		72DD1C662ACDA7C300E5E5C7 /* PBXContainerItemProxy */ = {
			isa = PBXContainerItemProxy;
			containerPortal = 72DD1C3D2ACDA7BF00E5E5C7 /* Project object */;
			proxyType = 1;
			remoteGlobalIDString = 72DD1C442ACDA7BF00E5E5C7;
			remoteInfo = InstaPDP2;
		};
/* End PBXContainerItemProxy section */

/* Begin PBXFileReference section */
		72DD1C452ACDA7BF00E5E5C7 /* InstaPDP2.app */ = {isa = PBXFileReference; explicitFileType = wrapper.application; includeInIndex = 0; path = InstaPDP2.app; sourceTree = BUILT_PRODUCTS_DIR; };
		72DD1C482ACDA7BF00E5E5C7 /* AppDelegate.swift */ = {isa = PBXFileReference; lastKnownFileType = sourcecode.swift; path = AppDelegate.swift; sourceTree = "<group>"; };
		72DD1C4A2ACDA7BF00E5E5C7 /* SceneDelegate.swift */ = {isa = PBXFileReference; lastKnownFileType = sourcecode.swift; path = SceneDelegate.swift; sourceTree = "<group>"; };
		72DD1C4C2ACDA7BF00E5E5C7 /* ViewController.swift */ = {isa = PBXFileReference; lastKnownFileType = sourcecode.swift; path = ViewController.swift; sourceTree = "<group>"; };
		72DD1C4F2ACDA7BF00E5E5C7 /* Base */ = {isa = PBXFileReference; lastKnownFileType = file.storyboard; name = Base; path = Base.lproj/Main.storyboard; sourceTree = "<group>"; };
		72DD1C512ACDA7C200E5E5C7 /* Assets.xcassets */ = {isa = PBXFileReference; lastKnownFileType = folder.assetcatalog; path = Assets.xcassets; sourceTree = "<group>"; };
		72DD1C542ACDA7C200E5E5C7 /* Base */ = {isa = PBXFileReference; lastKnownFileType = file.storyboard; name = Base; path = Base.lproj/LaunchScreen.storyboard; sourceTree = "<group>"; };
		72DD1C562ACDA7C200E5E5C7 /* Info.plist */ = {isa = PBXFileReference; lastKnownFileType = text.plist.xml; path = Info.plist; sourceTree = "<group>"; };
		72DD1C5B2ACDA7C200E5E5C7 /* InstaPDP2Tests.xctest */ = {isa = PBXFileReference; explicitFileType = wrapper.cfbundle; includeInIndex = 0; path = InstaPDP2Tests.xctest; sourceTree = BUILT_PRODUCTS_DIR; };
		72DD1C5F2ACDA7C200E5E5C7 /* InstaPDP2Tests.swift */ = {isa = PBXFileReference; lastKnownFileType = sourcecode.swift; path = InstaPDP2Tests.swift; sourceTree = "<group>"; };
		72DD1C652ACDA7C300E5E5C7 /* InstaPDP2UITests.xctest */ = {isa = PBXFileReference; explicitFileType = wrapper.cfbundle; includeInIndex = 0; path = InstaPDP2UITests.xctest; sourceTree = BUILT_PRODUCTS_DIR; };
		72DD1C692ACDA7C300E5E5C7 /* InstaPDP2UITests.swift */ = {isa = PBXFileReference; lastKnownFileType = sourcecode.swift; path = InstaPDP2UITests.swift; sourceTree = "<group>"; };
		72DD1C6B2ACDA7C300E5E5C7 /* InstaPDP2UITestsLaunchTests.swift */ = {isa = PBXFileReference; lastKnownFileType = sourcecode.swift; path = InstaPDP2UITestsLaunchTests.swift; sourceTree = "<group>"; };
/* End PBXFileReference section */

/* Begin PBXFrameworksBuildPhase section */
		72DD1C422ACDA7BF00E5E5C7 /* Frameworks */ = {
			isa = PBXFrameworksBuildPhase;
			buildActionMask = 2147483647;
			files = (
			);
			runOnlyForDeploymentPostprocessing = 0;
		};
		72DD1C582ACDA7C200E5E5C7 /* Frameworks */ = {
			isa = PBXFrameworksBuildPhase;
			buildActionMask = 2147483647;
			files = (
			);
			runOnlyForDeploymentPostprocessing = 0;
		};
		72DD1C622ACDA7C300E5E5C7 /* Frameworks */ = {
			isa = PBXFrameworksBuildPhase;
			buildActionMask = 2147483647;
			files = (
			);
			runOnlyForDeploymentPostprocessing = 0;
		};
/* End PBXFrameworksBuildPhase section */

/* Begin PBXGroup section */
		72DD1C3C2ACDA7BF00E5E5C7 = {
			isa = PBXGroup;
			children = (
				72DD1C472ACDA7BF00E5E5C7 /* InstaPDP2 */,
				72DD1C5E2ACDA7C200E5E5C7 /* InstaPDP2Tests */,
				72DD1C682ACDA7C300E5E5C7 /* InstaPDP2UITests */,
				72DD1C462ACDA7BF00E5E5C7 /* Products */,
			);
			sourceTree = "<group>";
		};
		72DD1C462ACDA7BF00E5E5C7 /* Products */ = {
			isa = PBXGroup;
			children = (
				72DD1C452ACDA7BF00E5E5C7 /* InstaPDP2.app */,
				72DD1C5B2ACDA7C200E5E5C7 /* InstaPDP2Tests.xctest */,
				72DD1C652ACDA7C300E5E5C7 /* InstaPDP2UITests.xctest */,
			);
			name = Products;
			sourceTree = "<group>";
		};
		72DD1C472ACDA7BF00E5E5C7 /* InstaPDP2 */ = {
			isa = PBXGroup;
			children = (
				72DD1C482ACDA7BF00E5E5C7 /* AppDelegate.swift */,
				72DD1C4A2ACDA7BF00E5E5C7 /* SceneDelegate.swift */,
				72DD1C4C2ACDA7BF00E5E5C7 /* ViewController.swift */,
				72DD1C4E2ACDA7BF00E5E5C7 /* Main.storyboard */,
				72DD1C512ACDA7C200E5E5C7 /* Assets.xcassets */,
				72DD1C532ACDA7C200E5E5C7 /* LaunchScreen.storyboard */,
				72DD1C562ACDA7C200E5E5C7 /* Info.plist */,
			);
			path = InstaPDP2;
			sourceTree = "<group>";
		};
		72DD1C5E2ACDA7C200E5E5C7 /* InstaPDP2Tests */ = {
			isa = PBXGroup;
			children = (
				72DD1C5F2ACDA7C200E5E5C7 /* InstaPDP2Tests.swift */,
			);
			path = InstaPDP2Tests;
			sourceTree = "<group>";
		};
		72DD1C682ACDA7C300E5E5C7 /* InstaPDP2UITests */ = {
			isa = PBXGroup;
			children = (
				72DD1C692ACDA7C300E5E5C7 /* InstaPDP2UITests.swift */,
				72DD1C6B2ACDA7C300E5E5C7 /* InstaPDP2UITestsLaunchTests.swift */,
			);
			path = InstaPDP2UITests;
			sourceTree = "<group>";
		};
/* End PBXGroup section */

/* Begin PBXNativeTarget section */
		72DD1C442ACDA7BF00E5E5C7 /* InstaPDP2 */ = {
			isa = PBXNativeTarget;
			buildConfigurationList = 72DD1C6F2ACDA7C300E5E5C7 /* Build configuration list for PBXNativeTarget "InstaPDP2" */;
			buildPhases = (
				72DD1C412ACDA7BF00E5E5C7 /* Sources */,
				72DD1C422ACDA7BF00E5E5C7 /* Frameworks */,
				72DD1C432ACDA7BF00E5E5C7 /* Resources */,
			);
			buildRules = (
			);
			dependencies = (
			);
			name = InstaPDP2;
			productName = InstaPDP2;
			productReference = 72DD1C452ACDA7BF00E5E5C7 /* InstaPDP2.app */;
			productType = "com.apple.product-type.application";
		};
		72DD1C5A2ACDA7C200E5E5C7 /* InstaPDP2Tests */ = {
			isa = PBXNativeTarget;
			buildConfigurationList = 72DD1C722ACDA7C300E5E5C7 /* Build configuration list for PBXNativeTarget "InstaPDP2Tests" */;
			buildPhases = (
				72DD1C572ACDA7C200E5E5C7 /* Sources */,
				72DD1C582ACDA7C200E5E5C7 /* Frameworks */,
				72DD1C592ACDA7C200E5E5C7 /* Resources */,
			);
			buildRules = (
			);
			dependencies = (
				72DD1C5D2ACDA7C200E5E5C7 /* PBXTargetDependency */,
			);
			name = InstaPDP2Tests;
			productName = InstaPDP2Tests;
			productReference = 72DD1C5B2ACDA7C200E5E5C7 /* InstaPDP2Tests.xctest */;
			productType = "com.apple.product-type.bundle.unit-test";
		};
		72DD1C642ACDA7C300E5E5C7 /* InstaPDP2UITests */ = {
			isa = PBXNativeTarget;
			buildConfigurationList = 72DD1C752ACDA7C300E5E5C7 /* Build configuration list for PBXNativeTarget "InstaPDP2UITests" */;
			buildPhases = (
				72DD1C612ACDA7C300E5E5C7 /* Sources */,
				72DD1C622ACDA7C300E5E5C7 /* Frameworks */,
				72DD1C632ACDA7C300E5E5C7 /* Resources */,
			);
			buildRules = (
			);
			dependencies = (
				72DD1C672ACDA7C300E5E5C7 /* PBXTargetDependency */,
			);
			name = InstaPDP2UITests;
			productName = InstaPDP2UITests;
			productReference = 72DD1C652ACDA7C300E5E5C7 /* InstaPDP2UITests.xctest */;
			productType = "com.apple.product-type.bundle.ui-testing";
		};
/* End PBXNativeTarget section */

/* Begin PBXProject section */
		72DD1C3D2ACDA7BF00E5E5C7 /* Project object */ = {
			isa = PBXProject;
			attributes = {
				BuildIndependentTargetsInParallel = 1;
				LastSwiftUpdateCheck = 1500;
				LastUpgradeCheck = 1500;
				TargetAttributes = {
					72DD1C442ACDA7BF00E5E5C7 = {
						CreatedOnToolsVersion = 15.0;
					};
					72DD1C5A2ACDA7C200E5E5C7 = {
						CreatedOnToolsVersion = 15.0;
						TestTargetID = 72DD1C442ACDA7BF00E5E5C7;
					};
					72DD1C642ACDA7C300E5E5C7 = {
						CreatedOnToolsVersion = 15.0;
						TestTargetID = 72DD1C442ACDA7BF00E5E5C7;
					};
				};
			};
			buildConfigurationList = 72DD1C402ACDA7BF00E5E5C7 /* Build configuration list for PBXProject "InstaPDP2" */;
			compatibilityVersion = "Xcode 14.0";
			developmentRegion = en;
			hasScannedForEncodings = 0;
			knownRegions = (
				en,
				Base,
			);
			mainGroup = 72DD1C3C2ACDA7BF00E5E5C7;
			productRefGroup = 72DD1C462ACDA7BF00E5E5C7 /* Products */;
			projectDirPath = "";
			projectRoot = "";
			targets = (
				72DD1C442ACDA7BF00E5E5C7 /* InstaPDP2 */,
				72DD1C5A2ACDA7C200E5E5C7 /* InstaPDP2Tests */,
				72DD1C642ACDA7C300E5E5C7 /* InstaPDP2UITests */,
			);
		};
/* End PBXProject section */

/* Begin PBXResourcesBuildPhase section */
		72DD1C432ACDA7BF00E5E5C7 /* Resources */ = {
			isa = PBXResourcesBuildPhase;
			buildActionMask = 2147483647;
			files = (
				72DD1C552ACDA7C200E5E5C7 /* LaunchScreen.storyboard in Resources */,
				72DD1C522ACDA7C200E5E5C7 /* Assets.xcassets in Resources */,
				72DD1C502ACDA7BF00E5E5C7 /* Main.storyboard in Resources */,
			);
			runOnlyForDeploymentPostprocessing = 0;
		};
		72DD1C592ACDA7C200E5E5C7 /* Resources */ = {
			isa = PBXResourcesBuildPhase;
			buildActionMask = 2147483647;
			files = (
			);
			runOnlyForDeploymentPostprocessing = 0;
		};
		72DD1C632ACDA7C300E5E5C7 /* Resources */ = {
			isa = PBXResourcesBuildPhase;
			buildActionMask = 2147483647;
			files = (
			);
			runOnlyForDeploymentPostprocessing = 0;
		};
/* End PBXResourcesBuildPhase section */

/* Begin PBXSourcesBuildPhase section */
		72DD1C412ACDA7BF00E5E5C7 /* Sources */ = {
			isa = PBXSourcesBuildPhase;
			buildActionMask = 2147483647;
			files = (
				72DD1C4D2ACDA7BF00E5E5C7 /* ViewController.swift in Sources */,
				72DD1C492ACDA7BF00E5E5C7 /* AppDelegate.swift in Sources */,
				72DD1C4B2ACDA7BF00E5E5C7 /* SceneDelegate.swift in Sources */,
			);
			runOnlyForDeploymentPostprocessing = 0;
		};
		72DD1C572ACDA7C200E5E5C7 /* Sources */ = {
			isa = PBXSourcesBuildPhase;
			buildActionMask = 2147483647;
			files = (
				72DD1C602ACDA7C200E5E5C7 /* InstaPDP2Tests.swift in Sources */,
			);
			runOnlyForDeploymentPostprocessing = 0;
		};
		72DD1C612ACDA7C300E5E5C7 /* Sources */ = {
			isa = PBXSourcesBuildPhase;
			buildActionMask = 2147483647;
			files = (
				72DD1C6C2ACDA7C300E5E5C7 /* InstaPDP2UITestsLaunchTests.swift in Sources */,
				72DD1C6A2ACDA7C300E5E5C7 /* InstaPDP2UITests.swift in Sources */,
			);
			runOnlyForDeploymentPostprocessing = 0;
		};
/* End PBXSourcesBuildPhase section */

/* Begin PBXTargetDependency section */
		72DD1C5D2ACDA7C200E5E5C7 /* PBXTargetDependency */ = {
			isa = PBXTargetDependency;
			target = 72DD1C442ACDA7BF00E5E5C7 /* InstaPDP2 */;
			targetProxy = 72DD1C5C2ACDA7C200E5E5C7 /* PBXContainerItemProxy */;
		};
		72DD1C672ACDA7C300E5E5C7 /* PBXTargetDependency */ = {
			isa = PBXTargetDependency;
			target = 72DD1C442ACDA7BF00E5E5C7 /* InstaPDP2 */;
			targetProxy = 72DD1C662ACDA7C300E5E5C7 /* PBXContainerItemProxy */;
		};
/* End PBXTargetDependency section */

/* Begin PBXVariantGroup section */
		72DD1C4E2ACDA7BF00E5E5C7 /* Main.storyboard */ = {
			isa = PBXVariantGroup;
			children = (
				72DD1C4F2ACDA7BF00E5E5C7 /* Base */,
			);
			name = Main.storyboard;
			sourceTree = "<group>";
		};
		72DD1C532ACDA7C200E5E5C7 /* LaunchScreen.storyboard */ = {
			isa = PBXVariantGroup;
			children = (
				72DD1C542ACDA7C200E5E5C7 /* Base */,
			);
			name = LaunchScreen.storyboard;
			sourceTree = "<group>";
		};
/* End PBXVariantGroup section */

/* Begin XCBuildConfiguration section */
		72DD1C6D2ACDA7C300E5E5C7 /* Debug */ = {
			isa = XCBuildConfiguration;
			buildSettings = {
				ALWAYS_SEARCH_USER_PATHS = NO;
				ASSETCATALOG_COMPILER_GENERATE_SWIFT_ASSET_SYMBOL_EXTENSIONS = YES;
				CLANG_ANALYZER_NONNULL = YES;
				CLANG_ANALYZER_NUMBER_OBJECT_CONVERSION = YES_AGGRESSIVE;
				CLANG_CXX_LANGUAGE_STANDARD = "gnu++20";
				CLANG_ENABLE_MODULES = YES;
				CLANG_ENABLE_OBJC_ARC = YES;
				CLANG_ENABLE_OBJC_WEAK = YES;
				CLANG_WARN_BLOCK_CAPTURE_AUTORELEASING = YES;
				CLANG_WARN_BOOL_CONVERSION = YES;
				CLANG_WARN_COMMA = YES;
				CLANG_WARN_CONSTANT_CONVERSION = YES;
				CLANG_WARN_DEPRECATED_OBJC_IMPLEMENTATIONS = YES;
				CLANG_WARN_DIRECT_OBJC_ISA_USAGE = YES_ERROR;
				CLANG_WARN_DOCUMENTATION_COMMENTS = YES;
				CLANG_WARN_EMPTY_BODY = YES;
				CLANG_WARN_ENUM_CONVERSION = YES;
				CLANG_WARN_INFINITE_RECURSION = YES;
				CLANG_WARN_INT_CONVERSION = YES;
				CLANG_WARN_NON_LITERAL_NULL_CONVERSION = YES;
				CLANG_WARN_OBJC_IMPLICIT_RETAIN_SELF = YES;
				CLANG_WARN_OBJC_LITERAL_CONVERSION = YES;
				CLANG_WARN_OBJC_ROOT_CLASS = YES_ERROR;
				CLANG_WARN_QUOTED_INCLUDE_IN_FRAMEWORK_HEADER = YES;
				CLANG_WARN_RANGE_LOOP_ANALYSIS = YES;
				CLANG_WARN_STRICT_PROTOTYPES = YES;
				CLANG_WARN_SUSPICIOUS_MOVE = YES;
				CLANG_WARN_UNGUARDED_AVAILABILITY = YES_AGGRESSIVE;
				CLANG_WARN_UNREACHABLE_CODE = YES;
				CLANG_WARN__DUPLICATE_METHOD_MATCH = YES;
				COPY_PHASE_STRIP = NO;
				DEBUG_INFORMATION_FORMAT = dwarf;
				ENABLE_STRICT_OBJC_MSGSEND = YES;
				ENABLE_TESTABILITY = YES;
				ENABLE_USER_SCRIPT_SANDBOXING = YES;
				GCC_C_LANGUAGE_STANDARD = gnu17;
				GCC_DYNAMIC_NO_PIC = NO;
				GCC_NO_COMMON_BLOCKS = YES;
				GCC_OPTIMIZATION_LEVEL = 0;
				GCC_PREPROCESSOR_DEFINITIONS = (
					"DEBUG=1",
					"$(inherited)",
				);
				GCC_WARN_64_TO_32_BIT_CONVERSION = YES;
				GCC_WARN_ABOUT_RETURN_TYPE = YES_ERROR;
				GCC_WARN_UNDECLARED_SELECTOR = YES;
				GCC_WARN_UNINITIALIZED_AUTOS = YES_AGGRESSIVE;
				GCC_WARN_UNUSED_FUNCTION = YES;
				GCC_WARN_UNUSED_VARIABLE = YES;
				IPHONEOS_DEPLOYMENT_TARGET = 17.0;
				LOCALIZATION_PREFERS_STRING_CATALOGS = YES;
				MTL_ENABLE_DEBUG_INFO = INCLUDE_SOURCE;
				MTL_FAST_MATH = YES;
				ONLY_ACTIVE_ARCH = YES;
				SDKROOT = iphoneos;
				SWIFT_ACTIVE_COMPILATION_CONDITIONS = "DEBUG $(inherited)";
				SWIFT_OPTIMIZATION_LEVEL = "-Onone";
			};
			name = Debug;
		};
		72DD1C6E2ACDA7C300E5E5C7 /* Release */ = {
			isa = XCBuildConfiguration;
			buildSettings = {
				ALWAYS_SEARCH_USER_PATHS = NO;
				ASSETCATALOG_COMPILER_GENERATE_SWIFT_ASSET_SYMBOL_EXTENSIONS = YES;
				CLANG_ANALYZER_NONNULL = YES;
				CLANG_ANALYZER_NUMBER_OBJECT_CONVERSION = YES_AGGRESSIVE;
				CLANG_CXX_LANGUAGE_STANDARD = "gnu++20";
				CLANG_ENABLE_MODULES = YES;
				CLANG_ENABLE_OBJC_ARC = YES;
				CLANG_ENABLE_OBJC_WEAK = YES;
				CLANG_WARN_BLOCK_CAPTURE_AUTORELEASING = YES;
				CLANG_WARN_BOOL_CONVERSION = YES;
				CLANG_WARN_COMMA = YES;
				CLANG_WARN_CONSTANT_CONVERSION = YES;
				CLANG_WARN_DEPRECATED_OBJC_IMPLEMENTATIONS = YES;
				CLANG_WARN_DIRECT_OBJC_ISA_USAGE = YES_ERROR;
				CLANG_WARN_DOCUMENTATION_COMMENTS = YES;
				CLANG_WARN_EMPTY_BODY = YES;
				CLANG_WARN_ENUM_CONVERSION = YES;
				CLANG_WARN_INFINITE_RECURSION = YES;
				CLANG_WARN_INT_CONVERSION = YES;
				CLANG_WARN_NON_LITERAL_NULL_CONVERSION = YES;
				CLANG_WARN_OBJC_IMPLICIT_RETAIN_SELF = YES;
				CLANG_WARN_OBJC_LITERAL_CONVERSION = YES;
				CLANG_WARN_OBJC_ROOT_CLASS = YES_ERROR;
				CLANG_WARN_QUOTED_INCLUDE_IN_FRAMEWORK_HEADER = YES;
				CLANG_WARN_RANGE_LOOP_ANALYSIS = YES;
				CLANG_WARN_STRICT_PROTOTYPES = YES;
				CLANG_WARN_SUSPICIOUS_MOVE = YES;
				CLANG_WARN_UNGUARDED_AVAILABILITY = YES_AGGRESSIVE;
				CLANG_WARN_UNREACHABLE_CODE = YES;
				CLANG_WARN__DUPLICATE_METHOD_MATCH = YES;
				COPY_PHASE_STRIP = NO;
				DEBUG_INFORMATION_FORMAT = "dwarf-with-dsym";
				ENABLE_NS_ASSERTIONS = NO;
				ENABLE_STRICT_OBJC_MSGSEND = YES;
				ENABLE_USER_SCRIPT_SANDBOXING = YES;
				GCC_C_LANGUAGE_STANDARD = gnu17;
				GCC_NO_COMMON_BLOCKS = YES;
				GCC_WARN_64_TO_32_BIT_CONVERSION = YES;
				GCC_WARN_ABOUT_RETURN_TYPE = YES_ERROR;
				GCC_WARN_UNDECLARED_SELECTOR = YES;
				GCC_WARN_UNINITIALIZED_AUTOS = YES_AGGRESSIVE;
				GCC_WARN_UNUSED_FUNCTION = YES;
				GCC_WARN_UNUSED_VARIABLE = YES;
				IPHONEOS_DEPLOYMENT_TARGET = 17.0;
				LOCALIZATION_PREFERS_STRING_CATALOGS = YES;
				MTL_ENABLE_DEBUG_INFO = NO;
				MTL_FAST_MATH = YES;
				SDKROOT = iphoneos;
				SWIFT_COMPILATION_MODE = wholemodule;
				VALIDATE_PRODUCT = YES;
			};
			name = Release;
		};
		72DD1C702ACDA7C300E5E5C7 /* Debug */ = {
			isa = XCBuildConfiguration;
			buildSettings = {
				ASSETCATALOG_COMPILER_APPICON_NAME = AppIcon;
				ASSETCATALOG_COMPILER_GLOBAL_ACCENT_COLOR_NAME = AccentColor;
				CODE_SIGN_STYLE = Automatic;
				CURRENT_PROJECT_VERSION = 1;
				GENERATE_INFOPLIST_FILE = YES;
				INFOPLIST_FILE = InstaPDP2/Info.plist;
				INFOPLIST_KEY_UIApplicationSupportsIndirectInputEvents = YES;
				INFOPLIST_KEY_UILaunchStoryboardName = LaunchScreen;
				INFOPLIST_KEY_UIMainStoryboardFile = Main;
				INFOPLIST_KEY_UISupportedInterfaceOrientations_iPad = "UIInterfaceOrientationPortrait UIInterfaceOrientationPortraitUpsideDown UIInterfaceOrientationLandscapeLeft UIInterfaceOrientationLandscapeRight";
				INFOPLIST_KEY_UISupportedInterfaceOrientations_iPhone = "UIInterfaceOrientationPortrait UIInterfaceOrientationLandscapeLeft UIInterfaceOrientationLandscapeRight";
				LD_RUNPATH_SEARCH_PATHS = (
					"$(inherited)",
					"@executable_path/Frameworks",
				);
				MARKETING_VERSION = 1.0;
				PRODUCT_BUNDLE_IDENTIFIER = "-.InstaPDP2";
				PRODUCT_NAME = "$(TARGET_NAME)";
				SWIFT_EMIT_LOC_STRINGS = YES;
				SWIFT_VERSION = 5.0;
				TARGETED_DEVICE_FAMILY = "1,2";
			};
			name = Debug;
		};
		72DD1C712ACDA7C300E5E5C7 /* Release */ = {
			isa = XCBuildConfiguration;
			buildSettings = {
				ASSETCATALOG_COMPILER_APPICON_NAME = AppIcon;
				ASSETCATALOG_COMPILER_GLOBAL_ACCENT_COLOR_NAME = AccentColor;
				CODE_SIGN_STYLE = Automatic;
				CURRENT_PROJECT_VERSION = 1;
				GENERATE_INFOPLIST_FILE = YES;
				INFOPLIST_FILE = InstaPDP2/Info.plist;
				INFOPLIST_KEY_UIApplicationSupportsIndirectInputEvents = YES;
				INFOPLIST_KEY_UILaunchStoryboardName = LaunchScreen;
				INFOPLIST_KEY_UIMainStoryboardFile = Main;
				INFOPLIST_KEY_UISupportedInterfaceOrientations_iPad = "UIInterfaceOrientationPortrait UIInterfaceOrientationPortraitUpsideDown UIInterfaceOrientationLandscapeLeft UIInterfaceOrientationLandscapeRight";
				INFOPLIST_KEY_UISupportedInterfaceOrientations_iPhone = "UIInterfaceOrientationPortrait UIInterfaceOrientationLandscapeLeft UIInterfaceOrientationLandscapeRight";
				LD_RUNPATH_SEARCH_PATHS = (
					"$(inherited)",
					"@executable_path/Frameworks",
				);
				MARKETING_VERSION = 1.0;
				PRODUCT_BUNDLE_IDENTIFIER = "-.InstaPDP2";
				PRODUCT_NAME = "$(TARGET_NAME)";
				SWIFT_EMIT_LOC_STRINGS = YES;
				SWIFT_VERSION = 5.0;
				TARGETED_DEVICE_FAMILY = "1,2";
			};
			name = Release;
		};
		72DD1C732ACDA7C300E5E5C7 /* Debug */ = {
			isa = XCBuildConfiguration;
			buildSettings = {
				ALWAYS_EMBED_SWIFT_STANDARD_LIBRARIES = YES;
				BUNDLE_LOADER = "$(TEST_HOST)";
				CODE_SIGN_STYLE = Automatic;
				CURRENT_PROJECT_VERSION = 1;
				GENERATE_INFOPLIST_FILE = YES;
				IPHONEOS_DEPLOYMENT_TARGET = 17.0;
				MARKETING_VERSION = 1.0;
				PRODUCT_BUNDLE_IDENTIFIER = "-.InstaPDP2Tests";
				PRODUCT_NAME = "$(TARGET_NAME)";
				SWIFT_EMIT_LOC_STRINGS = NO;
				SWIFT_VERSION = 5.0;
				TARGETED_DEVICE_FAMILY = "1,2";
				TEST_HOST = "$(BUILT_PRODUCTS_DIR)/InstaPDP2.app/$(BUNDLE_EXECUTABLE_FOLDER_PATH)/InstaPDP2";
			};
			name = Debug;
		};
		72DD1C742ACDA7C300E5E5C7 /* Release */ = {
			isa = XCBuildConfiguration;
			buildSettings = {
				ALWAYS_EMBED_SWIFT_STANDARD_LIBRARIES = YES;
				BUNDLE_LOADER = "$(TEST_HOST)";
				CODE_SIGN_STYLE = Automatic;
				CURRENT_PROJECT_VERSION = 1;
				GENERATE_INFOPLIST_FILE = YES;
				IPHONEOS_DEPLOYMENT_TARGET = 17.0;
				MARKETING_VERSION = 1.0;
				PRODUCT_BUNDLE_IDENTIFIER = "-.InstaPDP2Tests";
				PRODUCT_NAME = "$(TARGET_NAME)";
				SWIFT_EMIT_LOC_STRINGS = NO;
				SWIFT_VERSION = 5.0;
				TARGETED_DEVICE_FAMILY = "1,2";
				TEST_HOST = "$(BUILT_PRODUCTS_DIR)/InstaPDP2.app/$(BUNDLE_EXECUTABLE_FOLDER_PATH)/InstaPDP2";
			};
			name = Release;
		};
		72DD1C762ACDA7C300E5E5C7 /* Debug */ = {
			isa = XCBuildConfiguration;
			buildSettings = {
				ALWAYS_EMBED_SWIFT_STANDARD_LIBRARIES = YES;
				CODE_SIGN_STYLE = Automatic;
				CURRENT_PROJECT_VERSION = 1;
				GENERATE_INFOPLIST_FILE = YES;
				MARKETING_VERSION = 1.0;
				PRODUCT_BUNDLE_IDENTIFIER = "-.InstaPDP2UITests";
				PRODUCT_NAME = "$(TARGET_NAME)";
				SWIFT_EMIT_LOC_STRINGS = NO;
				SWIFT_VERSION = 5.0;
				TARGETED_DEVICE_FAMILY = "1,2";
				TEST_TARGET_NAME = InstaPDP2;
			};
			name = Debug;
		};
		72DD1C772ACDA7C300E5E5C7 /* Release */ = {
			isa = XCBuildConfiguration;
			buildSettings = {
				ALWAYS_EMBED_SWIFT_STANDARD_LIBRARIES = YES;
				CODE_SIGN_STYLE = Automatic;
				CURRENT_PROJECT_VERSION = 1;
				GENERATE_INFOPLIST_FILE = YES;
				MARKETING_VERSION = 1.0;
				PRODUCT_BUNDLE_IDENTIFIER = "-.InstaPDP2UITests";
				PRODUCT_NAME = "$(TARGET_NAME)";
				SWIFT_EMIT_LOC_STRINGS = NO;
				SWIFT_VERSION = 5.0;
				TARGETED_DEVICE_FAMILY = "1,2";
				TEST_TARGET_NAME = InstaPDP2;
			};
			name = Release;
		};
/* End XCBuildConfiguration section */

/* Begin XCConfigurationList section */
		72DD1C402ACDA7BF00E5E5C7 /* Build configuration list for PBXProject "InstaPDP2" */ = {
			isa = XCConfigurationList;
			buildConfigurations = (
				72DD1C6D2ACDA7C300E5E5C7 /* Debug */,
				72DD1C6E2ACDA7C300E5E5C7 /* Release */,
			);
			defaultConfigurationIsVisible = 0;
			defaultConfigurationName = Release;
		};
		72DD1C6F2ACDA7C300E5E5C7 /* Build configuration list for PBXNativeTarget "InstaPDP2" */ = {
			isa = XCConfigurationList;
			buildConfigurations = (
				72DD1C702ACDA7C300E5E5C7 /* Debug */,
				72DD1C712ACDA7C300E5E5C7 /* Release */,
			);
			defaultConfigurationIsVisible = 0;
			defaultConfigurationName = Release;
		};
		72DD1C722ACDA7C300E5E5C7 /* Build configuration list for PBXNativeTarget "InstaPDP2Tests" */ = {
			isa = XCConfigurationList;
			buildConfigurations = (
				72DD1C732ACDA7C300E5E5C7 /* Debug */,
				72DD1C742ACDA7C300E5E5C7 /* Release */,
			);
			defaultConfigurationIsVisible = 0;
			defaultConfigurationName = Release;
		};
		72DD1C752ACDA7C300E5E5C7 /* Build configuration list for PBXNativeTarget "InstaPDP2UITests" */ = {
			isa = XCConfigurationList;
			buildConfigurations = (
				72DD1C762ACDA7C300E5E5C7 /* Debug */,
				72DD1C772ACDA7C300E5E5C7 /* Release */,
			);
			defaultConfigurationIsVisible = 0;
			defaultConfigurationName = Release;
		};
/* End XCConfigurationList section */
	};
	rootObject = 72DD1C3D2ACDA7BF00E5E5C7 /* Project object */;
}
